// !$*UTF8*$!
{
	archiveVersion = 1;
	classes = {
	};
	objectVersion = 51;
	objects = {

/* Begin PBXBuildFile section */
		14F2218C9B16747E86E6BAAA /* Pods_hackapanTests.framework in Frameworks */ = {isa = PBXBuildFile; fileRef = 0B688946718405F33EAAE266 /* Pods_hackapanTests.framework */; };
		151746822308B76D00CC6511 /* SinespService.swift in Sources */ = {isa = PBXBuildFile; fileRef = 151746812308B76D00CC6511 /* SinespService.swift */; };
		151746852308B7EA00CC6511 /* Vehicle.swift in Sources */ = {isa = PBXBuildFile; fileRef = 151746842308B7EA00CC6511 /* Vehicle.swift */; };
		151746A32308DA2400CC6511 /* MainViewController.swift in Sources */ = {isa = PBXBuildFile; fileRef = 151746A22308DA2400CC6511 /* MainViewController.swift */; };
		151746A72308DA3F00CC6511 /* MainViewModel.swift in Sources */ = {isa = PBXBuildFile; fileRef = 151746A62308DA3F00CC6511 /* MainViewModel.swift */; };
		151746AA2308DB3B00CC6511 /* Reusable.swift in Sources */ = {isa = PBXBuildFile; fileRef = 151746A92308DB3B00CC6511 /* Reusable.swift */; };
		151746AD2308DC6D00CC6511 /* MoneyTableViewCell.swift in Sources */ = {isa = PBXBuildFile; fileRef = 151746AB2308DC6D00CC6511 /* MoneyTableViewCell.swift */; };
		151746AE2308DC6D00CC6511 /* MoneyTableViewCell.xib in Resources */ = {isa = PBXBuildFile; fileRef = 151746AC2308DC6D00CC6511 /* MoneyTableViewCell.xib */; };
		151746B12308DC8A00CC6511 /* CarTableViewCell.swift in Sources */ = {isa = PBXBuildFile; fileRef = 151746AF2308DC8A00CC6511 /* CarTableViewCell.swift */; };
		151746B22308DC8A00CC6511 /* CarTableViewCell.xib in Resources */ = {isa = PBXBuildFile; fileRef = 151746B02308DC8A00CC6511 /* CarTableViewCell.xib */; };
		151746B52308DC9D00CC6511 /* ProfileTableViewCell.swift in Sources */ = {isa = PBXBuildFile; fileRef = 151746B32308DC9D00CC6511 /* ProfileTableViewCell.swift */; };
		151746B62308DC9D00CC6511 /* ProfileTableViewCell.xib in Resources */ = {isa = PBXBuildFile; fileRef = 151746B42308DC9D00CC6511 /* ProfileTableViewCell.xib */; };
		151746BA2308DDCA00CC6511 /* MoneyTableViewCellDTO.swift in Sources */ = {isa = PBXBuildFile; fileRef = 151746B92308DDCA00CC6511 /* MoneyTableViewCellDTO.swift */; };
		151746BC2308DDE300CC6511 /* CarTableViewCellDTO.swift in Sources */ = {isa = PBXBuildFile; fileRef = 151746BB2308DDE300CC6511 /* CarTableViewCellDTO.swift */; };
		151746BE2308DE0900CC6511 /* ProfileTableViewCellDTO.swift in Sources */ = {isa = PBXBuildFile; fileRef = 151746BD2308DE0900CC6511 /* ProfileTableViewCellDTO.swift */; };
		151746C02308DFD500CC6511 /* ViewConfigurable.swift in Sources */ = {isa = PBXBuildFile; fileRef = 151746BF2308DFD500CC6511 /* ViewConfigurable.swift */; };
		151746DA2308EC0400CC6511 /* CallToActionTableViewCell.swift in Sources */ = {isa = PBXBuildFile; fileRef = 151746D72308EC0400CC6511 /* CallToActionTableViewCell.swift */; };
		151746DB2308EC0400CC6511 /* CallToActionTableViewCell.xib in Resources */ = {isa = PBXBuildFile; fileRef = 151746D82308EC0400CC6511 /* CallToActionTableViewCell.xib */; };
		151746DC2308EC0400CC6511 /* CallToActionTableViewCellDTO.swift in Sources */ = {isa = PBXBuildFile; fileRef = 151746D92308EC0400CC6511 /* CallToActionTableViewCellDTO.swift */; };
		151746DE2308EF9000CC6511 /* HomeSectionHeaderViewDTO.swift in Sources */ = {isa = PBXBuildFile; fileRef = 151746DD2308EF9000CC6511 /* HomeSectionHeaderViewDTO.swift */; };
		151746E02308F16400CC6511 /* HomeSectionHeaderView.swift in Sources */ = {isa = PBXBuildFile; fileRef = 151746DF2308F16400CC6511 /* HomeSectionHeaderView.swift */; };
		151746E22308F17F00CC6511 /* HomeSectionHeaderView.xib in Resources */ = {isa = PBXBuildFile; fileRef = 151746E12308F17F00CC6511 /* HomeSectionHeaderView.xib */; };
		156575AA2308FE8000968878 /* String+Extensions.swift in Sources */ = {isa = PBXBuildFile; fileRef = 156575A92308FE8000968878 /* String+Extensions.swift */; };
		156575AD2309028300968878 /* CurrencyFormatter.swift in Sources */ = {isa = PBXBuildFile; fileRef = 156575AC2309028300968878 /* CurrencyFormatter.swift */; };
		156575AF2309082500968878 /* SearchCarDelegate.swift in Sources */ = {isa = PBXBuildFile; fileRef = 156575AE2309082500968878 /* SearchCarDelegate.swift */; };
		156575B2230908BD00968878 /* ProfileNavigationViewController.swift in Sources */ = {isa = PBXBuildFile; fileRef = 156575B1230908BD00968878 /* ProfileNavigationViewController.swift */; };
		156575BA2309093300968878 /* SearchCarNavigationController.swift in Sources */ = {isa = PBXBuildFile; fileRef = 156575B92309093200968878 /* SearchCarNavigationController.swift */; };
		156575BC2309099C00968878 /* ProfileDelegate.swift in Sources */ = {isa = PBXBuildFile; fileRef = 156575BB2309099C00968878 /* ProfileDelegate.swift */; };
		156575C023090A0200968878 /* CarListViewController.swift in Sources */ = {isa = PBXBuildFile; fileRef = 156575BF23090A0200968878 /* CarListViewController.swift */; };
		156575C32309178700968878 /* Profile.swift in Sources */ = {isa = PBXBuildFile; fileRef = 156575C22309178700968878 /* Profile.swift */; };
		156575C523091B0A00968878 /* ProfileFormViewController.swift in Sources */ = {isa = PBXBuildFile; fileRef = 156575C423091B0A00968878 /* ProfileFormViewController.swift */; };
		156575C92309220D00968878 /* CarCatalogCollectionViewCell.swift in Sources */ = {isa = PBXBuildFile; fileRef = 156575C72309220D00968878 /* CarCatalogCollectionViewCell.swift */; };
		156575CA2309220D00968878 /* CarCatalogCollectionViewCell.xib in Resources */ = {isa = PBXBuildFile; fileRef = 156575C82309220D00968878 /* CarCatalogCollectionViewCell.xib */; };
		156575CC2309221A00968878 /* CarCatalogCollectionViewCellDTO.swift in Sources */ = {isa = PBXBuildFile; fileRef = 156575CB2309221A00968878 /* CarCatalogCollectionViewCellDTO.swift */; };
		156575CE2309250E00968878 /* VehicleBrand.swift in Sources */ = {isa = PBXBuildFile; fileRef = 156575CD2309250E00968878 /* VehicleBrand.swift */; };
		156575D12309400400968878 /* VehicleListViewController.swift in Sources */ = {isa = PBXBuildFile; fileRef = 156575D02309400400968878 /* VehicleListViewController.swift */; };
		15E993852308A55F00E4AA37 /* AppDelegate.swift in Sources */ = {isa = PBXBuildFile; fileRef = 15E993842308A55F00E4AA37 /* AppDelegate.swift */; };
		15E9938A2308A55F00E4AA37 /* Main.storyboard in Resources */ = {isa = PBXBuildFile; fileRef = 15E993882308A55F00E4AA37 /* Main.storyboard */; };
		15E9938C2308A56000E4AA37 /* Assets.xcassets in Resources */ = {isa = PBXBuildFile; fileRef = 15E9938B2308A56000E4AA37 /* Assets.xcassets */; };
		15E9938F2308A56000E4AA37 /* LaunchScreen.storyboard in Resources */ = {isa = PBXBuildFile; fileRef = 15E9938D2308A56000E4AA37 /* LaunchScreen.storyboard */; };
		15E9939A2308A56100E4AA37 /* hackapanTests.swift in Sources */ = {isa = PBXBuildFile; fileRef = 15E993992308A56100E4AA37 /* hackapanTests.swift */; };
		15E993A52308A56100E4AA37 /* hackapanUITests.swift in Sources */ = {isa = PBXBuildFile; fileRef = 15E993A42308A56100E4AA37 /* hackapanUITests.swift */; };
		187D5BFD07287E840FD6E6E0 /* Pods_hackapan.framework in Frameworks */ = {isa = PBXBuildFile; fileRef = A81C76FF92E70063ECD29F17 /* Pods_hackapan.framework */; };
		F31110A822EF97AEF0C06C61 /* Pods_hackapanUITests.framework in Frameworks */ = {isa = PBXBuildFile; fileRef = 841702539D2A3548B0BF818A /* Pods_hackapanUITests.framework */; };
/* End PBXBuildFile section */

/* Begin PBXContainerItemProxy section */
		15E993962308A56100E4AA37 /* PBXContainerItemProxy */ = {
			isa = PBXContainerItemProxy;
			containerPortal = 15E993792308A55F00E4AA37 /* Project object */;
			proxyType = 1;
			remoteGlobalIDString = 15E993802308A55F00E4AA37;
			remoteInfo = hackapan;
		};
		15E993A12308A56100E4AA37 /* PBXContainerItemProxy */ = {
			isa = PBXContainerItemProxy;
			containerPortal = 15E993792308A55F00E4AA37 /* Project object */;
			proxyType = 1;
			remoteGlobalIDString = 15E993802308A55F00E4AA37;
			remoteInfo = hackapan;
		};
/* End PBXContainerItemProxy section */

/* Begin PBXFileReference section */
		0AE7CDD370F316E5D1D297D6 /* Pods-hackapanTests.debug.xcconfig */ = {isa = PBXFileReference; includeInIndex = 1; lastKnownFileType = text.xcconfig; name = "Pods-hackapanTests.debug.xcconfig"; path = "Target Support Files/Pods-hackapanTests/Pods-hackapanTests.debug.xcconfig"; sourceTree = "<group>"; };
		0B688946718405F33EAAE266 /* Pods_hackapanTests.framework */ = {isa = PBXFileReference; explicitFileType = wrapper.framework; includeInIndex = 0; path = Pods_hackapanTests.framework; sourceTree = BUILT_PRODUCTS_DIR; };
		151746812308B76D00CC6511 /* SinespService.swift */ = {isa = PBXFileReference; lastKnownFileType = sourcecode.swift; path = SinespService.swift; sourceTree = "<group>"; };
		151746842308B7EA00CC6511 /* Vehicle.swift */ = {isa = PBXFileReference; lastKnownFileType = sourcecode.swift; path = Vehicle.swift; sourceTree = "<group>"; };
		151746A22308DA2400CC6511 /* MainViewController.swift */ = {isa = PBXFileReference; lastKnownFileType = sourcecode.swift; path = MainViewController.swift; sourceTree = "<group>"; };
		151746A62308DA3F00CC6511 /* MainViewModel.swift */ = {isa = PBXFileReference; lastKnownFileType = sourcecode.swift; path = MainViewModel.swift; sourceTree = "<group>"; };
		151746A92308DB3B00CC6511 /* Reusable.swift */ = {isa = PBXFileReference; lastKnownFileType = sourcecode.swift; path = Reusable.swift; sourceTree = "<group>"; };
		151746AB2308DC6D00CC6511 /* MoneyTableViewCell.swift */ = {isa = PBXFileReference; lastKnownFileType = sourcecode.swift; path = MoneyTableViewCell.swift; sourceTree = "<group>"; };
		151746AC2308DC6D00CC6511 /* MoneyTableViewCell.xib */ = {isa = PBXFileReference; lastKnownFileType = file.xib; path = MoneyTableViewCell.xib; sourceTree = "<group>"; };
		151746AF2308DC8A00CC6511 /* CarTableViewCell.swift */ = {isa = PBXFileReference; lastKnownFileType = sourcecode.swift; path = CarTableViewCell.swift; sourceTree = "<group>"; };
		151746B02308DC8A00CC6511 /* CarTableViewCell.xib */ = {isa = PBXFileReference; lastKnownFileType = file.xib; path = CarTableViewCell.xib; sourceTree = "<group>"; };
		151746B32308DC9D00CC6511 /* ProfileTableViewCell.swift */ = {isa = PBXFileReference; lastKnownFileType = sourcecode.swift; path = ProfileTableViewCell.swift; sourceTree = "<group>"; };
		151746B42308DC9D00CC6511 /* ProfileTableViewCell.xib */ = {isa = PBXFileReference; lastKnownFileType = file.xib; path = ProfileTableViewCell.xib; sourceTree = "<group>"; };
		151746B92308DDCA00CC6511 /* MoneyTableViewCellDTO.swift */ = {isa = PBXFileReference; lastKnownFileType = sourcecode.swift; path = MoneyTableViewCellDTO.swift; sourceTree = "<group>"; };
		151746BB2308DDE300CC6511 /* CarTableViewCellDTO.swift */ = {isa = PBXFileReference; lastKnownFileType = sourcecode.swift; path = CarTableViewCellDTO.swift; sourceTree = "<group>"; };
		151746BD2308DE0900CC6511 /* ProfileTableViewCellDTO.swift */ = {isa = PBXFileReference; lastKnownFileType = sourcecode.swift; path = ProfileTableViewCellDTO.swift; sourceTree = "<group>"; };
		151746BF2308DFD500CC6511 /* ViewConfigurable.swift */ = {isa = PBXFileReference; lastKnownFileType = sourcecode.swift; path = ViewConfigurable.swift; sourceTree = "<group>"; };
		151746D72308EC0400CC6511 /* CallToActionTableViewCell.swift */ = {isa = PBXFileReference; fileEncoding = 4; lastKnownFileType = sourcecode.swift; path = CallToActionTableViewCell.swift; sourceTree = "<group>"; };
		151746D82308EC0400CC6511 /* CallToActionTableViewCell.xib */ = {isa = PBXFileReference; fileEncoding = 4; lastKnownFileType = file.xib; path = CallToActionTableViewCell.xib; sourceTree = "<group>"; };
		151746D92308EC0400CC6511 /* CallToActionTableViewCellDTO.swift */ = {isa = PBXFileReference; fileEncoding = 4; lastKnownFileType = sourcecode.swift; path = CallToActionTableViewCellDTO.swift; sourceTree = "<group>"; };
		151746DD2308EF9000CC6511 /* HomeSectionHeaderViewDTO.swift */ = {isa = PBXFileReference; lastKnownFileType = sourcecode.swift; path = HomeSectionHeaderViewDTO.swift; sourceTree = "<group>"; };
		151746DF2308F16400CC6511 /* HomeSectionHeaderView.swift */ = {isa = PBXFileReference; lastKnownFileType = sourcecode.swift; path = HomeSectionHeaderView.swift; sourceTree = "<group>"; };
		151746E12308F17F00CC6511 /* HomeSectionHeaderView.xib */ = {isa = PBXFileReference; lastKnownFileType = file.xib; path = HomeSectionHeaderView.xib; sourceTree = "<group>"; };
		156575A92308FE8000968878 /* String+Extensions.swift */ = {isa = PBXFileReference; lastKnownFileType = sourcecode.swift; path = "String+Extensions.swift"; sourceTree = "<group>"; };
		156575AC2309028300968878 /* CurrencyFormatter.swift */ = {isa = PBXFileReference; lastKnownFileType = sourcecode.swift; path = CurrencyFormatter.swift; sourceTree = "<group>"; };
		156575AE2309082500968878 /* SearchCarDelegate.swift */ = {isa = PBXFileReference; lastKnownFileType = sourcecode.swift; path = SearchCarDelegate.swift; sourceTree = "<group>"; };
		156575B1230908BD00968878 /* ProfileNavigationViewController.swift */ = {isa = PBXFileReference; lastKnownFileType = sourcecode.swift; path = ProfileNavigationViewController.swift; sourceTree = "<group>"; };
		156575B92309093200968878 /* SearchCarNavigationController.swift */ = {isa = PBXFileReference; lastKnownFileType = sourcecode.swift; path = SearchCarNavigationController.swift; sourceTree = "<group>"; };
		156575BB2309099C00968878 /* ProfileDelegate.swift */ = {isa = PBXFileReference; lastKnownFileType = sourcecode.swift; path = ProfileDelegate.swift; sourceTree = "<group>"; };
		156575BF23090A0200968878 /* CarListViewController.swift */ = {isa = PBXFileReference; lastKnownFileType = sourcecode.swift; path = CarListViewController.swift; sourceTree = "<group>"; };
		156575C22309178700968878 /* Profile.swift */ = {isa = PBXFileReference; lastKnownFileType = sourcecode.swift; path = Profile.swift; sourceTree = "<group>"; };
		156575C423091B0A00968878 /* ProfileFormViewController.swift */ = {isa = PBXFileReference; lastKnownFileType = sourcecode.swift; path = ProfileFormViewController.swift; sourceTree = "<group>"; };
		156575C72309220D00968878 /* CarCatalogCollectionViewCell.swift */ = {isa = PBXFileReference; lastKnownFileType = sourcecode.swift; path = CarCatalogCollectionViewCell.swift; sourceTree = "<group>"; };
		156575C82309220D00968878 /* CarCatalogCollectionViewCell.xib */ = {isa = PBXFileReference; lastKnownFileType = file.xib; path = CarCatalogCollectionViewCell.xib; sourceTree = "<group>"; };
		156575CB2309221A00968878 /* CarCatalogCollectionViewCellDTO.swift */ = {isa = PBXFileReference; lastKnownFileType = sourcecode.swift; path = CarCatalogCollectionViewCellDTO.swift; sourceTree = "<group>"; };
		156575CD2309250E00968878 /* VehicleBrand.swift */ = {isa = PBXFileReference; lastKnownFileType = sourcecode.swift; path = VehicleBrand.swift; sourceTree = "<group>"; };
		156575D02309400400968878 /* VehicleListViewController.swift */ = {isa = PBXFileReference; lastKnownFileType = sourcecode.swift; path = VehicleListViewController.swift; sourceTree = "<group>"; };
		15E993812308A55F00E4AA37 /* hackapan.app */ = {isa = PBXFileReference; explicitFileType = wrapper.application; includeInIndex = 0; path = hackapan.app; sourceTree = BUILT_PRODUCTS_DIR; };
		15E993842308A55F00E4AA37 /* AppDelegate.swift */ = {isa = PBXFileReference; lastKnownFileType = sourcecode.swift; path = AppDelegate.swift; sourceTree = "<group>"; };
		15E993892308A55F00E4AA37 /* Base */ = {isa = PBXFileReference; lastKnownFileType = file.storyboard; name = Base; path = Base.lproj/Main.storyboard; sourceTree = "<group>"; };
		15E9938B2308A56000E4AA37 /* Assets.xcassets */ = {isa = PBXFileReference; lastKnownFileType = folder.assetcatalog; path = Assets.xcassets; sourceTree = "<group>"; };
		15E9938E2308A56000E4AA37 /* Base */ = {isa = PBXFileReference; lastKnownFileType = file.storyboard; name = Base; path = Base.lproj/LaunchScreen.storyboard; sourceTree = "<group>"; };
		15E993902308A56000E4AA37 /* Info.plist */ = {isa = PBXFileReference; lastKnownFileType = text.plist.xml; path = Info.plist; sourceTree = "<group>"; };
		15E993952308A56100E4AA37 /* hackapanTests.xctest */ = {isa = PBXFileReference; explicitFileType = wrapper.cfbundle; includeInIndex = 0; path = hackapanTests.xctest; sourceTree = BUILT_PRODUCTS_DIR; };
		15E993992308A56100E4AA37 /* hackapanTests.swift */ = {isa = PBXFileReference; lastKnownFileType = sourcecode.swift; path = hackapanTests.swift; sourceTree = "<group>"; };
		15E9939B2308A56100E4AA37 /* Info.plist */ = {isa = PBXFileReference; lastKnownFileType = text.plist.xml; path = Info.plist; sourceTree = "<group>"; };
		15E993A02308A56100E4AA37 /* hackapanUITests.xctest */ = {isa = PBXFileReference; explicitFileType = wrapper.cfbundle; includeInIndex = 0; path = hackapanUITests.xctest; sourceTree = BUILT_PRODUCTS_DIR; };
		15E993A42308A56100E4AA37 /* hackapanUITests.swift */ = {isa = PBXFileReference; lastKnownFileType = sourcecode.swift; path = hackapanUITests.swift; sourceTree = "<group>"; };
		15E993A62308A56100E4AA37 /* Info.plist */ = {isa = PBXFileReference; lastKnownFileType = text.plist.xml; path = Info.plist; sourceTree = "<group>"; };
		6077E251A01A2122A13BFE9F /* Pods-hackapanUITests.release.xcconfig */ = {isa = PBXFileReference; includeInIndex = 1; lastKnownFileType = text.xcconfig; name = "Pods-hackapanUITests.release.xcconfig"; path = "Target Support Files/Pods-hackapanUITests/Pods-hackapanUITests.release.xcconfig"; sourceTree = "<group>"; };
		70BA1BB35BB5B7078C7CA14A /* Pods-hackapanUITests.debug.xcconfig */ = {isa = PBXFileReference; includeInIndex = 1; lastKnownFileType = text.xcconfig; name = "Pods-hackapanUITests.debug.xcconfig"; path = "Target Support Files/Pods-hackapanUITests/Pods-hackapanUITests.debug.xcconfig"; sourceTree = "<group>"; };
		841702539D2A3548B0BF818A /* Pods_hackapanUITests.framework */ = {isa = PBXFileReference; explicitFileType = wrapper.framework; includeInIndex = 0; path = Pods_hackapanUITests.framework; sourceTree = BUILT_PRODUCTS_DIR; };
		85F1D5BD89A0E44FDEA79A6E /* Pods-hackapan.release.xcconfig */ = {isa = PBXFileReference; includeInIndex = 1; lastKnownFileType = text.xcconfig; name = "Pods-hackapan.release.xcconfig"; path = "Target Support Files/Pods-hackapan/Pods-hackapan.release.xcconfig"; sourceTree = "<group>"; };
		A81C76FF92E70063ECD29F17 /* Pods_hackapan.framework */ = {isa = PBXFileReference; explicitFileType = wrapper.framework; includeInIndex = 0; path = Pods_hackapan.framework; sourceTree = BUILT_PRODUCTS_DIR; };
		B90E92EDBDB1301CFB00B7D6 /* Pods-hackapan.debug.xcconfig */ = {isa = PBXFileReference; includeInIndex = 1; lastKnownFileType = text.xcconfig; name = "Pods-hackapan.debug.xcconfig"; path = "Target Support Files/Pods-hackapan/Pods-hackapan.debug.xcconfig"; sourceTree = "<group>"; };
		EF868B8D85CBF6A04AE856BB /* Pods-hackapanTests.release.xcconfig */ = {isa = PBXFileReference; includeInIndex = 1; lastKnownFileType = text.xcconfig; name = "Pods-hackapanTests.release.xcconfig"; path = "Target Support Files/Pods-hackapanTests/Pods-hackapanTests.release.xcconfig"; sourceTree = "<group>"; };
/* End PBXFileReference section */

/* Begin PBXFrameworksBuildPhase section */
		15E9937E2308A55F00E4AA37 /* Frameworks */ = {
			isa = PBXFrameworksBuildPhase;
			buildActionMask = 2147483647;
			files = (
				187D5BFD07287E840FD6E6E0 /* Pods_hackapan.framework in Frameworks */,
			);
			runOnlyForDeploymentPostprocessing = 0;
		};
		15E993922308A56100E4AA37 /* Frameworks */ = {
			isa = PBXFrameworksBuildPhase;
			buildActionMask = 2147483647;
			files = (
				14F2218C9B16747E86E6BAAA /* Pods_hackapanTests.framework in Frameworks */,
			);
			runOnlyForDeploymentPostprocessing = 0;
		};
		15E9939D2308A56100E4AA37 /* Frameworks */ = {
			isa = PBXFrameworksBuildPhase;
			buildActionMask = 2147483647;
			files = (
				F31110A822EF97AEF0C06C61 /* Pods_hackapanUITests.framework in Frameworks */,
			);
			runOnlyForDeploymentPostprocessing = 0;
		};
/* End PBXFrameworksBuildPhase section */

/* Begin PBXGroup section */
		03C07A188E37B21D03CEDA7E /* Frameworks */ = {
			isa = PBXGroup;
			children = (
				A81C76FF92E70063ECD29F17 /* Pods_hackapan.framework */,
				0B688946718405F33EAAE266 /* Pods_hackapanTests.framework */,
				841702539D2A3548B0BF818A /* Pods_hackapanUITests.framework */,
			);
			name = Frameworks;
			sourceTree = "<group>";
		};
		151746832308B7BE00CC6511 /* Sinesp */ = {
			isa = PBXGroup;
			children = (
				151746812308B76D00CC6511 /* SinespService.swift */,
				151746842308B7EA00CC6511 /* Vehicle.swift */,
				156575CD2309250E00968878 /* VehicleBrand.swift */,
			);
			path = Sinesp;
			sourceTree = "<group>";
		};
		1517469B2308D98900CC6511 /* Views */ = {
			isa = PBXGroup;
			children = (
				151746A02308D9EE00CC6511 /* HomeSectionHeaderView */,
			);
			path = Views;
			sourceTree = "<group>";
		};
		1517469C2308D98E00CC6511 /* Cells */ = {
			isa = PBXGroup;
			children = (
				156575C6230921B400968878 /* CarCollectionViewCell */,
				151746D62308EC0400CC6511 /* CallToActionTableViewCell */,
				1517469F2308D9B100CC6511 /* MoneyCell */,
				1517469E2308D9A400CC6511 /* CarCell */,
				1517469D2308D99A00CC6511 /* ProfileCell */,
			);
			path = Cells;
			sourceTree = "<group>";
		};
		1517469D2308D99A00CC6511 /* ProfileCell */ = {
			isa = PBXGroup;
			children = (
				151746B32308DC9D00CC6511 /* ProfileTableViewCell.swift */,
				151746B42308DC9D00CC6511 /* ProfileTableViewCell.xib */,
				151746BD2308DE0900CC6511 /* ProfileTableViewCellDTO.swift */,
			);
			path = ProfileCell;
			sourceTree = "<group>";
		};
		1517469E2308D9A400CC6511 /* CarCell */ = {
			isa = PBXGroup;
			children = (
				151746AF2308DC8A00CC6511 /* CarTableViewCell.swift */,
				151746B02308DC8A00CC6511 /* CarTableViewCell.xib */,
				151746BB2308DDE300CC6511 /* CarTableViewCellDTO.swift */,
			);
			path = CarCell;
			sourceTree = "<group>";
		};
		1517469F2308D9B100CC6511 /* MoneyCell */ = {
			isa = PBXGroup;
			children = (
				151746AB2308DC6D00CC6511 /* MoneyTableViewCell.swift */,
				151746AC2308DC6D00CC6511 /* MoneyTableViewCell.xib */,
				151746B92308DDCA00CC6511 /* MoneyTableViewCellDTO.swift */,
			);
			path = MoneyCell;
			sourceTree = "<group>";
		};
		151746A02308D9EE00CC6511 /* HomeSectionHeaderView */ = {
			isa = PBXGroup;
			children = (
				151746DD2308EF9000CC6511 /* HomeSectionHeaderViewDTO.swift */,
				151746DF2308F16400CC6511 /* HomeSectionHeaderView.swift */,
				151746E12308F17F00CC6511 /* HomeSectionHeaderView.xib */,
			);
			path = HomeSectionHeaderView;
			sourceTree = "<group>";
		};
		151746A12308DA0B00CC6511 /* MainViewController */ = {
			isa = PBXGroup;
			children = (
				151746A22308DA2400CC6511 /* MainViewController.swift */,
				151746A62308DA3F00CC6511 /* MainViewModel.swift */,
			);
			path = MainViewController;
			sourceTree = "<group>";
		};
		151746A82308DB2700CC6511 /* Protocols */ = {
			isa = PBXGroup;
			children = (
				151746A92308DB3B00CC6511 /* Reusable.swift */,
				151746BF2308DFD500CC6511 /* ViewConfigurable.swift */,
			);
			path = Protocols;
			sourceTree = "<group>";
		};
		151746D62308EC0400CC6511 /* CallToActionTableViewCell */ = {
			isa = PBXGroup;
			children = (
				151746D72308EC0400CC6511 /* CallToActionTableViewCell.swift */,
				151746D82308EC0400CC6511 /* CallToActionTableViewCell.xib */,
				151746D92308EC0400CC6511 /* CallToActionTableViewCellDTO.swift */,
			);
			path = CallToActionTableViewCell;
			sourceTree = "<group>";
		};
		151746E32308F4F300CC6511 /* SearchCarController */ = {
			isa = PBXGroup;
			children = (
				156575CF23093F4800968878 /* VehicleListViewController */,
				156575BE230909E300968878 /* CarListViewController */,
				156575AE2309082500968878 /* SearchCarDelegate.swift */,
				156575B92309093200968878 /* SearchCarNavigationController.swift */,
			);
			path = SearchCarController;
			sourceTree = "<group>";
		};
		156575A82308FE7100968878 /* Extensions */ = {
			isa = PBXGroup;
			children = (
				156575A92308FE8000968878 /* String+Extensions.swift */,
			);
			path = Extensions;
			sourceTree = "<group>";
		};
		156575AB2309027500968878 /* Helpers */ = {
			isa = PBXGroup;
			children = (
				156575AC2309028300968878 /* CurrencyFormatter.swift */,
			);
			path = Helpers;
			sourceTree = "<group>";
		};
		156575B02309087700968878 /* ProfileViewController */ = {
			isa = PBXGroup;
			children = (
				156575BD230909DA00968878 /* ProfileFormViewController */,
				156575B1230908BD00968878 /* ProfileNavigationViewController.swift */,
				156575BB2309099C00968878 /* ProfileDelegate.swift */,
			);
			path = ProfileViewController;
			sourceTree = "<group>";
		};
		156575BD230909DA00968878 /* ProfileFormViewController */ = {
			isa = PBXGroup;
			children = (
				156575C423091B0A00968878 /* ProfileFormViewController.swift */,
			);
			path = ProfileFormViewController;
			sourceTree = "<group>";
		};
		156575BE230909E300968878 /* CarListViewController */ = {
			isa = PBXGroup;
			children = (
				156575BF23090A0200968878 /* CarListViewController.swift */,
			);
			path = CarListViewController;
			sourceTree = "<group>";
		};
		156575C12309177400968878 /* Models */ = {
			isa = PBXGroup;
			children = (
				156575C22309178700968878 /* Profile.swift */,
			);
			path = Models;
			sourceTree = "<group>";
		};
		156575C6230921B400968878 /* CarCollectionViewCell */ = {
			isa = PBXGroup;
			children = (
				156575C72309220D00968878 /* CarCatalogCollectionViewCell.swift */,
				156575C82309220D00968878 /* CarCatalogCollectionViewCell.xib */,
				156575CB2309221A00968878 /* CarCatalogCollectionViewCellDTO.swift */,
			);
			path = CarCollectionViewCell;
			sourceTree = "<group>";
		};
		156575CF23093F4800968878 /* VehicleListViewController */ = {
			isa = PBXGroup;
			children = (
				156575D02309400400968878 /* VehicleListViewController.swift */,
			);
			path = VehicleListViewController;
			sourceTree = "<group>";
		};
		15E993782308A55F00E4AA37 = {
			isa = PBXGroup;
			children = (
				15E993832308A55F00E4AA37 /* hackapan */,
				15E993982308A56100E4AA37 /* hackapanTests */,
				15E993A32308A56100E4AA37 /* hackapanUITests */,
				15E993822308A55F00E4AA37 /* Products */,
				422C12FB4446BDBD9F136FA3 /* Pods */,
				03C07A188E37B21D03CEDA7E /* Frameworks */,
			);
			sourceTree = "<group>";
		};
		15E993822308A55F00E4AA37 /* Products */ = {
			isa = PBXGroup;
			children = (
				15E993812308A55F00E4AA37 /* hackapan.app */,
				15E993952308A56100E4AA37 /* hackapanTests.xctest */,
				15E993A02308A56100E4AA37 /* hackapanUITests.xctest */,
			);
			name = Products;
			sourceTree = "<group>";
		};
		15E993832308A55F00E4AA37 /* hackapan */ = {
			isa = PBXGroup;
			children = (
				156575C12309177400968878 /* Models */,
				156575AB2309027500968878 /* Helpers */,
				156575A82308FE7100968878 /* Extensions */,
				151746E32308F4F300CC6511 /* SearchCarController */,
				156575B02309087700968878 /* ProfileViewController */,
				151746A82308DB2700CC6511 /* Protocols */,
				151746A12308DA0B00CC6511 /* MainViewController */,
				1517469C2308D98E00CC6511 /* Cells */,
				1517469B2308D98900CC6511 /* Views */,
				151746832308B7BE00CC6511 /* Sinesp */,
				15E993842308A55F00E4AA37 /* AppDelegate.swift */,
				15E993882308A55F00E4AA37 /* Main.storyboard */,
				15E9938B2308A56000E4AA37 /* Assets.xcassets */,
				15E9938D2308A56000E4AA37 /* LaunchScreen.storyboard */,
				15E993902308A56000E4AA37 /* Info.plist */,
			);
			path = hackapan;
			sourceTree = "<group>";
		};
		15E993982308A56100E4AA37 /* hackapanTests */ = {
			isa = PBXGroup;
			children = (
				15E993992308A56100E4AA37 /* hackapanTests.swift */,
				15E9939B2308A56100E4AA37 /* Info.plist */,
			);
			path = hackapanTests;
			sourceTree = "<group>";
		};
		15E993A32308A56100E4AA37 /* hackapanUITests */ = {
			isa = PBXGroup;
			children = (
				15E993A42308A56100E4AA37 /* hackapanUITests.swift */,
				15E993A62308A56100E4AA37 /* Info.plist */,
			);
			path = hackapanUITests;
			sourceTree = "<group>";
		};
		422C12FB4446BDBD9F136FA3 /* Pods */ = {
			isa = PBXGroup;
			children = (
				B90E92EDBDB1301CFB00B7D6 /* Pods-hackapan.debug.xcconfig */,
				85F1D5BD89A0E44FDEA79A6E /* Pods-hackapan.release.xcconfig */,
				0AE7CDD370F316E5D1D297D6 /* Pods-hackapanTests.debug.xcconfig */,
				EF868B8D85CBF6A04AE856BB /* Pods-hackapanTests.release.xcconfig */,
				70BA1BB35BB5B7078C7CA14A /* Pods-hackapanUITests.debug.xcconfig */,
				6077E251A01A2122A13BFE9F /* Pods-hackapanUITests.release.xcconfig */,
			);
			path = Pods;
			sourceTree = "<group>";
		};
/* End PBXGroup section */

/* Begin PBXNativeTarget section */
		15E993802308A55F00E4AA37 /* hackapan */ = {
			isa = PBXNativeTarget;
			buildConfigurationList = 15E993A92308A56100E4AA37 /* Build configuration list for PBXNativeTarget "hackapan" */;
			buildPhases = (
				E6C6472F6AE71A834E36341C /* [CP] Check Pods Manifest.lock */,
				15E9937D2308A55F00E4AA37 /* Sources */,
				15E9937E2308A55F00E4AA37 /* Frameworks */,
				15E9937F2308A55F00E4AA37 /* Resources */,
				38F106094AC491F2B59F6165 /* [CP] Embed Pods Frameworks */,
			);
			buildRules = (
			);
			dependencies = (
			);
			name = hackapan;
			productName = hackapan;
			productReference = 15E993812308A55F00E4AA37 /* hackapan.app */;
			productType = "com.apple.product-type.application";
		};
		15E993942308A56100E4AA37 /* hackapanTests */ = {
			isa = PBXNativeTarget;
			buildConfigurationList = 15E993AC2308A56100E4AA37 /* Build configuration list for PBXNativeTarget "hackapanTests" */;
			buildPhases = (
				39AC84162520DCE381690B41 /* [CP] Check Pods Manifest.lock */,
				15E993912308A56100E4AA37 /* Sources */,
				15E993922308A56100E4AA37 /* Frameworks */,
				15E993932308A56100E4AA37 /* Resources */,
			);
			buildRules = (
			);
			dependencies = (
				15E993972308A56100E4AA37 /* PBXTargetDependency */,
			);
			name = hackapanTests;
			productName = hackapanTests;
			productReference = 15E993952308A56100E4AA37 /* hackapanTests.xctest */;
			productType = "com.apple.product-type.bundle.unit-test";
		};
		15E9939F2308A56100E4AA37 /* hackapanUITests */ = {
			isa = PBXNativeTarget;
			buildConfigurationList = 15E993AF2308A56100E4AA37 /* Build configuration list for PBXNativeTarget "hackapanUITests" */;
			buildPhases = (
				10F2DADC0A7C3F28DB2B852A /* [CP] Check Pods Manifest.lock */,
				15E9939C2308A56100E4AA37 /* Sources */,
				15E9939D2308A56100E4AA37 /* Frameworks */,
				15E9939E2308A56100E4AA37 /* Resources */,
			);
			buildRules = (
			);
			dependencies = (
				15E993A22308A56100E4AA37 /* PBXTargetDependency */,
			);
			name = hackapanUITests;
			productName = hackapanUITests;
			productReference = 15E993A02308A56100E4AA37 /* hackapanUITests.xctest */;
			productType = "com.apple.product-type.bundle.ui-testing";
		};
/* End PBXNativeTarget section */

/* Begin PBXProject section */
		15E993792308A55F00E4AA37 /* Project object */ = {
			isa = PBXProject;
			attributes = {
				LastSwiftUpdateCheck = 1020;
				LastUpgradeCheck = 1020;
				ORGANIZATIONNAME = "Felipe Antonio Cardoso";
				TargetAttributes = {
					15E993802308A55F00E4AA37 = {
						CreatedOnToolsVersion = 10.2.1;
					};
					15E993942308A56100E4AA37 = {
						CreatedOnToolsVersion = 10.2.1;
						TestTargetID = 15E993802308A55F00E4AA37;
					};
					15E9939F2308A56100E4AA37 = {
						CreatedOnToolsVersion = 10.2.1;
						TestTargetID = 15E993802308A55F00E4AA37;
					};
				};
			};
			buildConfigurationList = 15E9937C2308A55F00E4AA37 /* Build configuration list for PBXProject "hackapan" */;
			compatibilityVersion = "Xcode 9.3";
			developmentRegion = en;
			hasScannedForEncodings = 0;
			knownRegions = (
				en,
				Base,
			);
			mainGroup = 15E993782308A55F00E4AA37;
			productRefGroup = 15E993822308A55F00E4AA37 /* Products */;
			projectDirPath = "";
			projectRoot = "";
			targets = (
				15E993802308A55F00E4AA37 /* hackapan */,
				15E993942308A56100E4AA37 /* hackapanTests */,
				15E9939F2308A56100E4AA37 /* hackapanUITests */,
			);
		};
/* End PBXProject section */

/* Begin PBXResourcesBuildPhase section */
		15E9937F2308A55F00E4AA37 /* Resources */ = {
			isa = PBXResourcesBuildPhase;
			buildActionMask = 2147483647;
			files = (
				15E9938F2308A56000E4AA37 /* LaunchScreen.storyboard in Resources */,
				15E9938C2308A56000E4AA37 /* Assets.xcassets in Resources */,
				156575CA2309220D00968878 /* CarCatalogCollectionViewCell.xib in Resources */,
				151746B22308DC8A00CC6511 /* CarTableViewCell.xib in Resources */,
				151746AE2308DC6D00CC6511 /* MoneyTableViewCell.xib in Resources */,
				151746E22308F17F00CC6511 /* HomeSectionHeaderView.xib in Resources */,
				15E9938A2308A55F00E4AA37 /* Main.storyboard in Resources */,
				151746DB2308EC0400CC6511 /* CallToActionTableViewCell.xib in Resources */,
				151746B62308DC9D00CC6511 /* ProfileTableViewCell.xib in Resources */,
			);
			runOnlyForDeploymentPostprocessing = 0;
		};
		15E993932308A56100E4AA37 /* Resources */ = {
			isa = PBXResourcesBuildPhase;
			buildActionMask = 2147483647;
			files = (
			);
			runOnlyForDeploymentPostprocessing = 0;
		};
		15E9939E2308A56100E4AA37 /* Resources */ = {
			isa = PBXResourcesBuildPhase;
			buildActionMask = 2147483647;
			files = (
			);
			runOnlyForDeploymentPostprocessing = 0;
		};
/* End PBXResourcesBuildPhase section */

/* Begin PBXShellScriptBuildPhase section */
		10F2DADC0A7C3F28DB2B852A /* [CP] Check Pods Manifest.lock */ = {
			isa = PBXShellScriptBuildPhase;
			buildActionMask = 2147483647;
			files = (
			);
			inputFileListPaths = (
			);
			inputPaths = (
				"${PODS_PODFILE_DIR_PATH}/Podfile.lock",
				"${PODS_ROOT}/Manifest.lock",
			);
			name = "[CP] Check Pods Manifest.lock";
			outputFileListPaths = (
			);
			outputPaths = (
				"$(DERIVED_FILE_DIR)/Pods-hackapanUITests-checkManifestLockResult.txt",
			);
			runOnlyForDeploymentPostprocessing = 0;
			shellPath = /bin/sh;
			shellScript = "diff \"${PODS_PODFILE_DIR_PATH}/Podfile.lock\" \"${PODS_ROOT}/Manifest.lock\" > /dev/null\nif [ $? != 0 ] ; then\n    # print error to STDERR\n    echo \"error: The sandbox is not in sync with the Podfile.lock. Run 'pod install' or update your CocoaPods installation.\" >&2\n    exit 1\nfi\n# This output is used by Xcode 'outputs' to avoid re-running this script phase.\necho \"SUCCESS\" > \"${SCRIPT_OUTPUT_FILE_0}\"\n";
			showEnvVarsInLog = 0;
		};
		38F106094AC491F2B59F6165 /* [CP] Embed Pods Frameworks */ = {
			isa = PBXShellScriptBuildPhase;
			buildActionMask = 2147483647;
			files = (
			);
			inputFileListPaths = (
				"${PODS_ROOT}/Target Support Files/Pods-hackapan/Pods-hackapan-frameworks-${CONFIGURATION}-input-files.xcfilelist",
			);
			name = "[CP] Embed Pods Frameworks";
			outputFileListPaths = (
				"${PODS_ROOT}/Target Support Files/Pods-hackapan/Pods-hackapan-frameworks-${CONFIGURATION}-output-files.xcfilelist",
			);
			runOnlyForDeploymentPostprocessing = 0;
			shellPath = /bin/sh;
			shellScript = "\"${PODS_ROOT}/Target Support Files/Pods-hackapan/Pods-hackapan-frameworks.sh\"\n";
			showEnvVarsInLog = 0;
		};
		39AC84162520DCE381690B41 /* [CP] Check Pods Manifest.lock */ = {
			isa = PBXShellScriptBuildPhase;
			buildActionMask = 2147483647;
			files = (
			);
			inputFileListPaths = (
			);
			inputPaths = (
				"${PODS_PODFILE_DIR_PATH}/Podfile.lock",
				"${PODS_ROOT}/Manifest.lock",
			);
			name = "[CP] Check Pods Manifest.lock";
			outputFileListPaths = (
			);
			outputPaths = (
				"$(DERIVED_FILE_DIR)/Pods-hackapanTests-checkManifestLockResult.txt",
			);
			runOnlyForDeploymentPostprocessing = 0;
			shellPath = /bin/sh;
			shellScript = "diff \"${PODS_PODFILE_DIR_PATH}/Podfile.lock\" \"${PODS_ROOT}/Manifest.lock\" > /dev/null\nif [ $? != 0 ] ; then\n    # print error to STDERR\n    echo \"error: The sandbox is not in sync with the Podfile.lock. Run 'pod install' or update your CocoaPods installation.\" >&2\n    exit 1\nfi\n# This output is used by Xcode 'outputs' to avoid re-running this script phase.\necho \"SUCCESS\" > \"${SCRIPT_OUTPUT_FILE_0}\"\n";
			showEnvVarsInLog = 0;
		};
		E6C6472F6AE71A834E36341C /* [CP] Check Pods Manifest.lock */ = {
			isa = PBXShellScriptBuildPhase;
			buildActionMask = 2147483647;
			files = (
			);
			inputFileListPaths = (
			);
			inputPaths = (
				"${PODS_PODFILE_DIR_PATH}/Podfile.lock",
				"${PODS_ROOT}/Manifest.lock",
			);
			name = "[CP] Check Pods Manifest.lock";
			outputFileListPaths = (
			);
			outputPaths = (
				"$(DERIVED_FILE_DIR)/Pods-hackapan-checkManifestLockResult.txt",
			);
			runOnlyForDeploymentPostprocessing = 0;
			shellPath = /bin/sh;
			shellScript = "diff \"${PODS_PODFILE_DIR_PATH}/Podfile.lock\" \"${PODS_ROOT}/Manifest.lock\" > /dev/null\nif [ $? != 0 ] ; then\n    # print error to STDERR\n    echo \"error: The sandbox is not in sync with the Podfile.lock. Run 'pod install' or update your CocoaPods installation.\" >&2\n    exit 1\nfi\n# This output is used by Xcode 'outputs' to avoid re-running this script phase.\necho \"SUCCESS\" > \"${SCRIPT_OUTPUT_FILE_0}\"\n";
			showEnvVarsInLog = 0;
		};
/* End PBXShellScriptBuildPhase section */

/* Begin PBXSourcesBuildPhase section */
		15E9937D2308A55F00E4AA37 /* Sources */ = {
			isa = PBXSourcesBuildPhase;
			buildActionMask = 2147483647;
			files = (
				151746BC2308DDE300CC6511 /* CarTableViewCellDTO.swift in Sources */,
				151746DE2308EF9000CC6511 /* HomeSectionHeaderViewDTO.swift in Sources */,
				151746BE2308DE0900CC6511 /* ProfileTableViewCellDTO.swift in Sources */,
				156575D12309400400968878 /* VehicleListViewController.swift in Sources */,
				156575CC2309221A00968878 /* CarCatalogCollectionViewCellDTO.swift in Sources */,
				151746C02308DFD500CC6511 /* ViewConfigurable.swift in Sources */,
				156575BA2309093300968878 /* SearchCarNavigationController.swift in Sources */,
				156575AA2308FE8000968878 /* String+Extensions.swift in Sources */,
				151746DC2308EC0400CC6511 /* CallToActionTableViewCellDTO.swift in Sources */,
				156575C92309220D00968878 /* CarCatalogCollectionViewCell.swift in Sources */,
				156575C023090A0200968878 /* CarListViewController.swift in Sources */,
				151746AA2308DB3B00CC6511 /* Reusable.swift in Sources */,
				151746DA2308EC0400CC6511 /* CallToActionTableViewCell.swift in Sources */,
				151746852308B7EA00CC6511 /* Vehicle.swift in Sources */,
				151746B12308DC8A00CC6511 /* CarTableViewCell.swift in Sources */,
				151746B52308DC9D00CC6511 /* ProfileTableViewCell.swift in Sources */,
				151746822308B76D00CC6511 /* SinespService.swift in Sources */,
				151746AD2308DC6D00CC6511 /* MoneyTableViewCell.swift in Sources */,
				156575AF2309082500968878 /* SearchCarDelegate.swift in Sources */,
				156575C32309178700968878 /* Profile.swift in Sources */,
				156575CE2309250E00968878 /* VehicleBrand.swift in Sources */,
				151746BA2308DDCA00CC6511 /* MoneyTableViewCellDTO.swift in Sources */,
				151746E02308F16400CC6511 /* HomeSectionHeaderView.swift in Sources */,
				156575AD2309028300968878 /* CurrencyFormatter.swift in Sources */,
				15E993852308A55F00E4AA37 /* AppDelegate.swift in Sources */,
				156575B2230908BD00968878 /* ProfileNavigationViewController.swift in Sources */,
				156575C523091B0A00968878 /* ProfileFormViewController.swift in Sources */,
				151746A32308DA2400CC6511 /* MainViewController.swift in Sources */,
				156575BC2309099C00968878 /* ProfileDelegate.swift in Sources */,
				151746A72308DA3F00CC6511 /* MainViewModel.swift in Sources */,
			);
			runOnlyForDeploymentPostprocessing = 0;
		};
		15E993912308A56100E4AA37 /* Sources */ = {
			isa = PBXSourcesBuildPhase;
			buildActionMask = 2147483647;
			files = (
				15E9939A2308A56100E4AA37 /* hackapanTests.swift in Sources */,
			);
			runOnlyForDeploymentPostprocessing = 0;
		};
		15E9939C2308A56100E4AA37 /* Sources */ = {
			isa = PBXSourcesBuildPhase;
			buildActionMask = 2147483647;
			files = (
				15E993A52308A56100E4AA37 /* hackapanUITests.swift in Sources */,
			);
			runOnlyForDeploymentPostprocessing = 0;
		};
/* End PBXSourcesBuildPhase section */

/* Begin PBXTargetDependency section */
		15E993972308A56100E4AA37 /* PBXTargetDependency */ = {
			isa = PBXTargetDependency;
			target = 15E993802308A55F00E4AA37 /* hackapan */;
			targetProxy = 15E993962308A56100E4AA37 /* PBXContainerItemProxy */;
		};
		15E993A22308A56100E4AA37 /* PBXTargetDependency */ = {
			isa = PBXTargetDependency;
			target = 15E993802308A55F00E4AA37 /* hackapan */;
			targetProxy = 15E993A12308A56100E4AA37 /* PBXContainerItemProxy */;
		};
/* End PBXTargetDependency section */

/* Begin PBXVariantGroup section */
		15E993882308A55F00E4AA37 /* Main.storyboard */ = {
			isa = PBXVariantGroup;
			children = (
				15E993892308A55F00E4AA37 /* Base */,
			);
			name = Main.storyboard;
			sourceTree = "<group>";
		};
		15E9938D2308A56000E4AA37 /* LaunchScreen.storyboard */ = {
			isa = PBXVariantGroup;
			children = (
				15E9938E2308A56000E4AA37 /* Base */,
			);
			name = LaunchScreen.storyboard;
			sourceTree = "<group>";
		};
/* End PBXVariantGroup section */

/* Begin XCBuildConfiguration section */
		15E993A72308A56100E4AA37 /* Debug */ = {
			isa = XCBuildConfiguration;
			buildSettings = {
				ALWAYS_SEARCH_USER_PATHS = NO;
				CLANG_ANALYZER_NONNULL = YES;
				CLANG_ANALYZER_NUMBER_OBJECT_CONVERSION = YES_AGGRESSIVE;
				CLANG_CXX_LANGUAGE_STANDARD = "gnu++14";
				CLANG_CXX_LIBRARY = "libc++";
				CLANG_ENABLE_MODULES = YES;
				CLANG_ENABLE_OBJC_ARC = YES;
				CLANG_ENABLE_OBJC_WEAK = YES;
				CLANG_WARN_BLOCK_CAPTURE_AUTORELEASING = YES;
				CLANG_WARN_BOOL_CONVERSION = YES;
				CLANG_WARN_COMMA = YES;
				CLANG_WARN_CONSTANT_CONVERSION = YES;
				CLANG_WARN_DEPRECATED_OBJC_IMPLEMENTATIONS = YES;
				CLANG_WARN_DIRECT_OBJC_ISA_USAGE = YES_ERROR;
				CLANG_WARN_DOCUMENTATION_COMMENTS = YES;
				CLANG_WARN_EMPTY_BODY = YES;
				CLANG_WARN_ENUM_CONVERSION = YES;
				CLANG_WARN_INFINITE_RECURSION = YES;
				CLANG_WARN_INT_CONVERSION = YES;
				CLANG_WARN_NON_LITERAL_NULL_CONVERSION = YES;
				CLANG_WARN_OBJC_IMPLICIT_RETAIN_SELF = YES;
				CLANG_WARN_OBJC_LITERAL_CONVERSION = YES;
				CLANG_WARN_OBJC_ROOT_CLASS = YES_ERROR;
				CLANG_WARN_RANGE_LOOP_ANALYSIS = YES;
				CLANG_WARN_STRICT_PROTOTYPES = YES;
				CLANG_WARN_SUSPICIOUS_MOVE = YES;
				CLANG_WARN_UNGUARDED_AVAILABILITY = YES_AGGRESSIVE;
				CLANG_WARN_UNREACHABLE_CODE = YES;
				CLANG_WARN__DUPLICATE_METHOD_MATCH = YES;
				CODE_SIGN_IDENTITY = "iPhone Developer";
				COPY_PHASE_STRIP = NO;
				DEBUG_INFORMATION_FORMAT = dwarf;
				ENABLE_STRICT_OBJC_MSGSEND = YES;
				ENABLE_TESTABILITY = YES;
				GCC_C_LANGUAGE_STANDARD = gnu11;
				GCC_DYNAMIC_NO_PIC = NO;
				GCC_NO_COMMON_BLOCKS = YES;
				GCC_OPTIMIZATION_LEVEL = 0;
				GCC_PREPROCESSOR_DEFINITIONS = (
					"DEBUG=1",
					"$(inherited)",
				);
				GCC_WARN_64_TO_32_BIT_CONVERSION = YES;
				GCC_WARN_ABOUT_RETURN_TYPE = YES_ERROR;
				GCC_WARN_UNDECLARED_SELECTOR = YES;
				GCC_WARN_UNINITIALIZED_AUTOS = YES_AGGRESSIVE;
				GCC_WARN_UNUSED_FUNCTION = YES;
				GCC_WARN_UNUSED_VARIABLE = YES;
				IPHONEOS_DEPLOYMENT_TARGET = 12.2;
				MTL_ENABLE_DEBUG_INFO = INCLUDE_SOURCE;
				MTL_FAST_MATH = YES;
				ONLY_ACTIVE_ARCH = YES;
				SDKROOT = iphoneos;
				SWIFT_ACTIVE_COMPILATION_CONDITIONS = DEBUG;
				SWIFT_OPTIMIZATION_LEVEL = "-Onone";
			};
			name = Debug;
		};
		15E993A82308A56100E4AA37 /* Release */ = {
			isa = XCBuildConfiguration;
			buildSettings = {
				ALWAYS_SEARCH_USER_PATHS = NO;
				CLANG_ANALYZER_NONNULL = YES;
				CLANG_ANALYZER_NUMBER_OBJECT_CONVERSION = YES_AGGRESSIVE;
				CLANG_CXX_LANGUAGE_STANDARD = "gnu++14";
				CLANG_CXX_LIBRARY = "libc++";
				CLANG_ENABLE_MODULES = YES;
				CLANG_ENABLE_OBJC_ARC = YES;
				CLANG_ENABLE_OBJC_WEAK = YES;
				CLANG_WARN_BLOCK_CAPTURE_AUTORELEASING = YES;
				CLANG_WARN_BOOL_CONVERSION = YES;
				CLANG_WARN_COMMA = YES;
				CLANG_WARN_CONSTANT_CONVERSION = YES;
				CLANG_WARN_DEPRECATED_OBJC_IMPLEMENTATIONS = YES;
				CLANG_WARN_DIRECT_OBJC_ISA_USAGE = YES_ERROR;
				CLANG_WARN_DOCUMENTATION_COMMENTS = YES;
				CLANG_WARN_EMPTY_BODY = YES;
				CLANG_WARN_ENUM_CONVERSION = YES;
				CLANG_WARN_INFINITE_RECURSION = YES;
				CLANG_WARN_INT_CONVERSION = YES;
				CLANG_WARN_NON_LITERAL_NULL_CONVERSION = YES;
				CLANG_WARN_OBJC_IMPLICIT_RETAIN_SELF = YES;
				CLANG_WARN_OBJC_LITERAL_CONVERSION = YES;
				CLANG_WARN_OBJC_ROOT_CLASS = YES_ERROR;
				CLANG_WARN_RANGE_LOOP_ANALYSIS = YES;
				CLANG_WARN_STRICT_PROTOTYPES = YES;
				CLANG_WARN_SUSPICIOUS_MOVE = YES;
				CLANG_WARN_UNGUARDED_AVAILABILITY = YES_AGGRESSIVE;
				CLANG_WARN_UNREACHABLE_CODE = YES;
				CLANG_WARN__DUPLICATE_METHOD_MATCH = YES;
				CODE_SIGN_IDENTITY = "iPhone Developer";
				COPY_PHASE_STRIP = NO;
				DEBUG_INFORMATION_FORMAT = "dwarf-with-dsym";
				ENABLE_NS_ASSERTIONS = NO;
				ENABLE_STRICT_OBJC_MSGSEND = YES;
				GCC_C_LANGUAGE_STANDARD = gnu11;
				GCC_NO_COMMON_BLOCKS = YES;
				GCC_WARN_64_TO_32_BIT_CONVERSION = YES;
				GCC_WARN_ABOUT_RETURN_TYPE = YES_ERROR;
				GCC_WARN_UNDECLARED_SELECTOR = YES;
				GCC_WARN_UNINITIALIZED_AUTOS = YES_AGGRESSIVE;
				GCC_WARN_UNUSED_FUNCTION = YES;
				GCC_WARN_UNUSED_VARIABLE = YES;
				IPHONEOS_DEPLOYMENT_TARGET = 12.2;
				MTL_ENABLE_DEBUG_INFO = NO;
				MTL_FAST_MATH = YES;
				SDKROOT = iphoneos;
				SWIFT_COMPILATION_MODE = wholemodule;
				SWIFT_OPTIMIZATION_LEVEL = "-O";
				VALIDATE_PRODUCT = YES;
			};
			name = Release;
		};
		15E993AA2308A56100E4AA37 /* Debug */ = {
			isa = XCBuildConfiguration;
			baseConfigurationReference = B90E92EDBDB1301CFB00B7D6 /* Pods-hackapan.debug.xcconfig */;
			buildSettings = {
				ASSETCATALOG_COMPILER_APPICON_NAME = AppIcon;
				CODE_SIGN_STYLE = Automatic;
				DEVELOPMENT_TEAM = 6S2QHFGTQK;
				INFOPLIST_FILE = hackapan/Info.plist;
				LD_RUNPATH_SEARCH_PATHS = (
					"$(inherited)",
					"@executable_path/Frameworks",
				);
				PRODUCT_BUNDLE_IDENTIFIER = felipeantoniocardoso.hackbancopan;
				PRODUCT_NAME = "$(TARGET_NAME)";
				SWIFT_VERSION = 5.0;
				TARGETED_DEVICE_FAMILY = "1,2";
			};
			name = Debug;
		};
		15E993AB2308A56100E4AA37 /* Release */ = {
			isa = XCBuildConfiguration;
			baseConfigurationReference = 85F1D5BD89A0E44FDEA79A6E /* Pods-hackapan.release.xcconfig */;
			buildSettings = {
				ASSETCATALOG_COMPILER_APPICON_NAME = AppIcon;
				CODE_SIGN_STYLE = Automatic;
				DEVELOPMENT_TEAM = 6S2QHFGTQK;
				INFOPLIST_FILE = hackapan/Info.plist;
				LD_RUNPATH_SEARCH_PATHS = (
					"$(inherited)",
					"@executable_path/Frameworks",
				);
				PRODUCT_BUNDLE_IDENTIFIER = felipeantoniocardoso.hackbancopan;
				PRODUCT_NAME = "$(TARGET_NAME)";
				SWIFT_VERSION = 5.0;
				TARGETED_DEVICE_FAMILY = "1,2";
			};
			name = Release;
		};
		15E993AD2308A56100E4AA37 /* Debug */ = {
			isa = XCBuildConfiguration;
			baseConfigurationReference = 0AE7CDD370F316E5D1D297D6 /* Pods-hackapanTests.debug.xcconfig */;
			buildSettings = {
				ALWAYS_EMBED_SWIFT_STANDARD_LIBRARIES = YES;
				BUNDLE_LOADER = "$(TEST_HOST)";
				CODE_SIGN_STYLE = Automatic;
				DEVELOPMENT_TEAM = C6J8HNR5WQ;
				INFOPLIST_FILE = hackapanTests/Info.plist;
				LD_RUNPATH_SEARCH_PATHS = (
					"$(inherited)",
					"@executable_path/Frameworks",
					"@loader_path/Frameworks",
				);
				PRODUCT_BUNDLE_IDENTIFIER = felipeantoniocardoso.hackapanTests;
				PRODUCT_NAME = "$(TARGET_NAME)";
				SWIFT_VERSION = 5.0;
				TARGETED_DEVICE_FAMILY = "1,2";
				TEST_HOST = "$(BUILT_PRODUCTS_DIR)/hackapan.app/hackapan";
			};
			name = Debug;
		};
		15E993AE2308A56100E4AA37 /* Release */ = {
			isa = XCBuildConfiguration;
			baseConfigurationReference = EF868B8D85CBF6A04AE856BB /* Pods-hackapanTests.release.xcconfig */;
			buildSettings = {
				ALWAYS_EMBED_SWIFT_STANDARD_LIBRARIES = YES;
				BUNDLE_LOADER = "$(TEST_HOST)";
				CODE_SIGN_STYLE = Automatic;
				DEVELOPMENT_TEAM = C6J8HNR5WQ;
				INFOPLIST_FILE = hackapanTests/Info.plist;
				LD_RUNPATH_SEARCH_PATHS = (
					"$(inherited)",
					"@executable_path/Frameworks",
					"@loader_path/Frameworks",
				);
				PRODUCT_BUNDLE_IDENTIFIER = felipeantoniocardoso.hackapanTests;
				PRODUCT_NAME = "$(TARGET_NAME)";
				SWIFT_VERSION = 5.0;
				TARGETED_DEVICE_FAMILY = "1,2";
				TEST_HOST = "$(BUILT_PRODUCTS_DIR)/hackapan.app/hackapan";
			};
			name = Release;
		};
		15E993B02308A56100E4AA37 /* Debug */ = {
			isa = XCBuildConfiguration;
			baseConfigurationReference = 70BA1BB35BB5B7078C7CA14A /* Pods-hackapanUITests.debug.xcconfig */;
			buildSettings = {
				ALWAYS_EMBED_SWIFT_STANDARD_LIBRARIES = YES;
				CODE_SIGN_STYLE = Automatic;
				DEVELOPMENT_TEAM = C6J8HNR5WQ;
				INFOPLIST_FILE = hackapanUITests/Info.plist;
				LD_RUNPATH_SEARCH_PATHS = (
					"$(inherited)",
					"@executable_path/Frameworks",
					"@loader_path/Frameworks",
				);
				PRODUCT_BUNDLE_IDENTIFIER = felipeantoniocardoso.hackapanUITests;
				PRODUCT_NAME = "$(TARGET_NAME)";
				SWIFT_VERSION = 5.0;
				TARGETED_DEVICE_FAMILY = "1,2";
				TEST_TARGET_NAME = hackapan;
			};
			name = Debug;
		};
		15E993B12308A56100E4AA37 /* Release */ = {
			isa = XCBuildConfiguration;
			baseConfigurationReference = 6077E251A01A2122A13BFE9F /* Pods-hackapanUITests.release.xcconfig */;
			buildSettings = {
				ALWAYS_EMBED_SWIFT_STANDARD_LIBRARIES = YES;
				CODE_SIGN_STYLE = Automatic;
				DEVELOPMENT_TEAM = C6J8HNR5WQ;
				INFOPLIST_FILE = hackapanUITests/Info.plist;
				LD_RUNPATH_SEARCH_PATHS = (
					"$(inherited)",
					"@executable_path/Frameworks",
					"@loader_path/Frameworks",
				);
				PRODUCT_BUNDLE_IDENTIFIER = felipeantoniocardoso.hackapanUITests;
				PRODUCT_NAME = "$(TARGET_NAME)";
				SWIFT_VERSION = 5.0;
				TARGETED_DEVICE_FAMILY = "1,2";
				TEST_TARGET_NAME = hackapan;
			};
			name = Release;
		};
/* End XCBuildConfiguration section */

/* Begin XCConfigurationList section */
		15E9937C2308A55F00E4AA37 /* Build configuration list for PBXProject "hackapan" */ = {
			isa = XCConfigurationList;
			buildConfigurations = (
				15E993A72308A56100E4AA37 /* Debug */,
				15E993A82308A56100E4AA37 /* Release */,
			);
			defaultConfigurationIsVisible = 0;
			defaultConfigurationName = Release;
		};
		15E993A92308A56100E4AA37 /* Build configuration list for PBXNativeTarget "hackapan" */ = {
			isa = XCConfigurationList;
			buildConfigurations = (
				15E993AA2308A56100E4AA37 /* Debug */,
				15E993AB2308A56100E4AA37 /* Release */,
			);
			defaultConfigurationIsVisible = 0;
			defaultConfigurationName = Release;
		};
		15E993AC2308A56100E4AA37 /* Build configuration list for PBXNativeTarget "hackapanTests" */ = {
			isa = XCConfigurationList;
			buildConfigurations = (
				15E993AD2308A56100E4AA37 /* Debug */,
				15E993AE2308A56100E4AA37 /* Release */,
			);
			defaultConfigurationIsVisible = 0;
			defaultConfigurationName = Release;
		};
		15E993AF2308A56100E4AA37 /* Build configuration list for PBXNativeTarget "hackapanUITests" */ = {
			isa = XCConfigurationList;
			buildConfigurations = (
				15E993B02308A56100E4AA37 /* Debug */,
				15E993B12308A56100E4AA37 /* Release */,
			);
			defaultConfigurationIsVisible = 0;
			defaultConfigurationName = Release;
		};
/* End XCConfigurationList section */
	};
	rootObject = 15E993792308A55F00E4AA37 /* Project object */;
}
